
Microsoft Visual Studio Solution File, Format Version 12.00
# Visual Studio Version 17
VisualStudioVersion = 17.9.34607.119
MinimumVisualStudioVersion = 10.0.40219.1
Project("{FAE04EC0-301F-11D3-BF4B-00C04F79EFBC}") = "DevopsMovieTask1", "DevopsMovieTask1\DevopsMovieTask1.csproj", "{0A2C8B28-398C-4C26-B07D-905FED470770}"
EndProject
Project("{FAE04EC0-301F-11D3-BF4B-00C04F79EFBC}") = "FunctionApp2", "FunctionApp2\FunctionApp2.csproj", "{0DD36029-A555-4B8A-9F29-6EDFE9C72B1C}"
EndProject
Project("{FAE04EC0-301F-11D3-BF4B-00C04F79EFBC}") = "ShowMovie", "ShowMovie\ShowMovie.csproj", "{A6A2ACDA-683F-4E14-AB81-93C2FEE22A2A}"
EndProject
Global
	GlobalSection(SolutionConfigurationPlatforms) = preSolution
		Debug|Any CPU = Debug|Any CPU
		Release|Any CPU = Release|Any CPU
	EndGlobalSection
	GlobalSection(ProjectConfigurationPlatforms) = postSolution
		{0A2C8B28-398C-4C26-B07D-905FED470770}.Debug|Any CPU.ActiveCfg = Debug|Any CPU
		{0A2C8B28-398C-4C26-B07D-905FED470770}.Debug|Any CPU.Build.0 = Debug|Any CPU
		{0A2C8B28-398C-4C26-B07D-905FED470770}.Release|Any CPU.ActiveCfg = Release|Any CPU
		{0A2C8B28-398C-4C26-B07D-905FED470770}.Release|Any CPU.Build.0 = Release|Any CPU
		{0DD36029-A555-4B8A-9F29-6EDFE9C72B1C}.Debug|Any CPU.ActiveCfg = Debug|Any CPU
		{0DD36029-A555-4B8A-9F29-6EDFE9C72B1C}.Debug|Any CPU.Build.0 = Debug|Any CPU
		{0DD36029-A555-4B8A-9F29-6EDFE9C72B1C}.Release|Any CPU.ActiveCfg = Release|Any CPU
		{0DD36029-A555-4B8A-9F29-6EDFE9C72B1C}.Release|Any CPU.Build.0 = Release|Any CPU
		{A6A2ACDA-683F-4E14-AB81-93C2FEE22A2A}.Debug|Any CPU.ActiveCfg = Debug|Any CPU
		{A6A2ACDA-683F-4E14-AB81-93C2FEE22A2A}.Debug|Any CPU.Build.0 = Debug|Any CPU
		{A6A2ACDA-683F-4E14-AB81-93C2FEE22A2A}.Release|Any CPU.ActiveCfg = Release|Any CPU
		{A6A2ACDA-683F-4E14-AB81-93C2FEE22A2A}.Release|Any CPU.Build.0 = Release|Any CPU
	EndGlobalSection
	GlobalSection(SolutionProperties) = preSolution
		HideSolutionNode = FALSE
	EndGlobalSection
	GlobalSection(ExtensibilityGlobals) = postSolution
		SolutionGuid = {289E5610-709B-4DA4-AFA6-9E620049414D}
	EndGlobalSection
EndGlobal
